<?xml version="1.0" encoding="utf-8"?>
<Project ToolsVersion="4.0" xmlns="http://schemas.microsoft.com/developer/msbuild/2003">
  <ItemGroup>
    <Filter Include="Source Files">
      <UniqueIdentifier>{4FC737F1-C7A5-4376-A066-2A32D752A2FF}</UniqueIdentifier>
      <Extensions>cpp;c;cc;cxx;def;odl;idl;hpj;bat;asm;asmx</Extensions>
    </Filter>
    <Filter Include="Header Files">
      <UniqueIdentifier>{93995380-89BD-4b04-88EB-625FBE52EBFB}</UniqueIdentifier>
      <Extensions>h;hpp;hxx;hm;inl;inc;xsd</Extensions>
    </Filter>
    <Filter Include="Resource Files">
      <UniqueIdentifier>{67DA6AB6-F800-4c08-8B7A-83BB121AAD01}</UniqueIdentifier>
      <Extensions>rc;ico;cur;bmp;dlg;rc2;rct;bin;rgs;gif;jpg;jpeg;jpe;resx;tiff;tif;png;wav;mfcribbon-ms</Extensions>
    </Filter>
    <Filter Include="GeneratedHeaders">
      <UniqueIdentifier>{b12335e8-a5b5-4851-9977-ab0a8dd5d90e}</UniqueIdentifier>
    </Filter>
    <Filter Include="GeneratedSource">
      <UniqueIdentifier>{4e8ac4f9-fde3-4ba1-96d5-22dfa19a4646}</UniqueIdentifier>
    </Filter>
    <Filter Include="IDL">
      <UniqueIdentifier>{f7246b1a-6bb9-4818-ad6a-568784a51051}</UniqueIdentifier>
    </Filter>
  </ItemGroup>
  <ItemGroup>
    <None Include="..\src\Config\flight_plan_profiles_multicast.xml">
      <Filter>Resource Files</Filter>
    </None>
    <None Include="..\src\Config\multicast_base_profile.xml">
      <Filter>Resource Files</Filter>
    </None>
  </ItemGroup>
  <ItemGroup>
    <ClInclude Include="..\src\CommonInfrastructure\DDSCommunicator.h">
      <Filter>Header Files</Filter>
    </ClInclude>
    <ClInclude Include="..\src\Generated\AirTrafficControl.h">
      <Filter>GeneratedHeaders</Filter>
    </ClInclude>
    <ClInclude Include="..\src\Generated\AirTrafficControlPlugin.h">
      <Filter>GeneratedHeaders</Filter>
    </ClInclude>
    <ClInclude Include="..\src\Generated\AirTrafficControlSupport.h">
      <Filter>GeneratedHeaders</Filter>
    </ClInclude>
    <ClInclude Include="..\src\FlightPlanGenerator\FlightPlanPublisherInterface.h">
      <Filter>Header Files</Filter>
    </ClInclude>
  </ItemGroup>
  <ItemGroup>
    <ClCompile Include="..\src\Generated\AirTrafficControl.cxx">
      <Filter>GeneratedSource</Filter>
    </ClCompile>
    <ClCompile Include="..\src\Generated\AirTrafficControlPlugin.cxx">
      <Filter>GeneratedSource</Filter>
    </ClCompile>
    <ClCompile Include="..\src\Generated\AirTrafficControlSupport.cxx">
      <Filter>GeneratedSource</Filter>
    </ClCompile>
    <ClCompile Include="..\src\CommonInfrastructure\DDSCommunicator.cxx">
      <Filter>Source Files</Filter>
    </ClCompile>
    <ClCompile Include="..\src\FlightPlanGenerator\FlightPlanPublisher.cxx">
      <Filter>Source Files</Filter>
    </ClCompile>
    <ClCompile Include="..\src\FlightPlanGenerator\FlightPlanPublisherInterface.cxx">
      <Filter>Source Files</Filter>
    </ClCompile>
  </ItemGroup>
  <ItemGroup>
    <CustomBuild Include="..\src\Idl\AirTrafficControl.idl">
      <Filter>IDL</Filter>
    </CustomBuild>
  </ItemGroup>
</Project>