<?xml version="1.0" encoding="utf-8"?>
<Project ToolsVersion="4.0" xmlns="http://schemas.microsoft.com/developer/msbuild/2003">
  <ItemGroup>
    <Filter Include="Header Files">
      <UniqueIdentifier>{57764858-07bf-4a80-9a09-2de3f408d37c}</UniqueIdentifier>
      <Extensions>h;hpp;hxx;hm;inl</Extensions>
    </Filter>
    <Filter Include="Resource Files">
      <UniqueIdentifier>{34f77704-fc15-4416-868a-d8357f739211}</UniqueIdentifier>
      <Extensions>ico;cur;bmp;dlg;rc2;rct;bin;rgs;gif;jpg;jpeg;jpe</Extensions>
    </Filter>
    <Filter Include="Source Files">
      <UniqueIdentifier>{60b2f9d4-0b30-4c2d-b3a3-c98cf7694b71}</UniqueIdentifier>
      <Extensions>cpp;c;cxx;rc;def;r;odl;idl;hpj;bat</Extensions>
    </Filter>
    <Filter Include="GeneratedSource">
      <UniqueIdentifier>{32d738d7-756f-4a47-bc85-7a9ec31e5420}</UniqueIdentifier>
    </Filter>
    <Filter Include="GeneratedHeaders">
      <UniqueIdentifier>{4c123a75-226e-4f65-974f-b61984ee45da}</UniqueIdentifier>
    </Filter>
    <Filter Include="IDL">
      <UniqueIdentifier>{29c8ea9e-4a9b-4b9a-8714-6c481a910a2d}</UniqueIdentifier>
    </Filter>
  </ItemGroup>
  <ItemGroup>
    <ClCompile Include="..\src\RadarGenerator\RadarInterface.cxx">
      <Filter>Source Files</Filter>
    </ClCompile>
    <ClCompile Include="..\src\RadarGenerator\TrackGenerator.cxx">
      <Filter>Source Files</Filter>
    </ClCompile>
    <ClCompile Include="..\src\Generated\AirTrafficControl.cxx">
      <Filter>GeneratedSource</Filter>
    </ClCompile>
    <ClCompile Include="..\src\Generated\AirTrafficControlPlugin.cxx">
      <Filter>GeneratedSource</Filter>
    </ClCompile>
    <ClCompile Include="..\src\Generated\AirTrafficControlSupport.cxx">
      <Filter>GeneratedSource</Filter>
    </ClCompile>
    <ClCompile Include="..\src\CommonInfrastructure\OSAPI.cxx">
      <Filter>Source Files</Filter>
    </ClCompile>
    <ClCompile Include="..\src\CommonInfrastructure\DDSCommunicator.cxx">
      <Filter>Source Files</Filter>
    </ClCompile>
    <ClCompile Include="..\src\RadarGenerator\RadarGenerator.cxx">
      <Filter>Source Files</Filter>
    </ClCompile>
  </ItemGroup>
  <ItemGroup>
    <ClInclude Include="..\src\RadarGenerator\RadarInterface.h">
      <Filter>Header Files</Filter>
    </ClInclude>
    <ClInclude Include="..\src\RadarGenerator\TrackGenerator.h">
      <Filter>Header Files</Filter>
    </ClInclude>
    <ClInclude Include="..\src\CommonInfrastructure\DDSCommunicator.h">
      <Filter>Header Files</Filter>
    </ClInclude>
    <ClInclude Include="..\src\Generated\AirTrafficControl.h">
      <Filter>GeneratedHeaders</Filter>
    </ClInclude>
    <ClInclude Include="..\src\Generated\AirTrafficControlPlugin.h">
      <Filter>GeneratedHeaders</Filter>
    </ClInclude>
    <ClInclude Include="..\src\Generated\AirTrafficControlSupport.h">
      <Filter>GeneratedHeaders</Filter>
    </ClInclude>
    <ClInclude Include="..\src\RadarGenerator\GeneratorAdapter.h">
      <Filter>Header Files</Filter>
    </ClInclude>
    <ClInclude Include="..\src\CommonInfrastructure\OSAPI.h">
      <Filter>Header Files</Filter>
    </ClInclude>
    <ClInclude Include="..\src\RadarGenerator\RadarApp.h">
      <Filter>Header Files</Filter>
    </ClInclude>
    <ClInclude Include="..\src\CommonInfrastructure\DDSTypeWrapper.h">
      <Filter>Header Files</Filter>
    </ClInclude>
  </ItemGroup>
  <ItemGroup>
    <CustomBuild Include="..\src\Idl\AirTrafficControl.idl">
      <Filter>IDL</Filter>
    </CustomBuild>
  </ItemGroup>
  <ItemGroup>
    <None Include="..\src\Config\base_profile_multicast.xml">
      <Filter>Resource Files</Filter>
    </None>
    <None Include="..\src\Config\base_profile_no_multicast.xml">
      <Filter>Resource Files</Filter>
    </None>
    <None Include="..\src\Config\flight_plan_profiles_multicast.xml">
      <Filter>Resource Files</Filter>
    </None>
    <None Include="..\src\Config\flight_plan_profiles_no_multicast.xml">
      <Filter>Resource Files</Filter>
    </None>
    <None Include="..\src\Config\radar_profiles_multicast.xml">
      <Filter>Resource Files</Filter>
    </None>
    <None Include="..\src\Config\radar_profiles_no_multicast.xml">
      <Filter>Resource Files</Filter>
    </None>
  </ItemGroup>
</Project>